
Microsoft Visual Studio Solution File, Format Version 12.00
# Visual Studio Version 17
VisualStudioVersion = 17.5.2.0
MinimumVisualStudioVersion = 10.0.40219.1
Project("{2150E333-8FDC-42A3-9474-1A3956D46DE8}") = "src", "src", "{827E0CD3-B72D-47B6-A68D-7590B98EB39B}"
EndProject
Project("{FAE04EC0-301F-11D3-BF4B-00C04F79EFBC}") = "Celestials.Core", "src\Celestials.Core\Celestials.Core.csproj", "{A56A218A-F58E-8F51-25E5-DDBCA72235B2}"
EndProject
Project("{FAE04EC0-301F-11D3-BF4B-00C04F79EFBC}") = "Celestials.Infrastructure", "src\Celestials.Infrastructure\Celestials.Infrastructure.csproj", "{869FBD0B-68E2-499B-A7BC-3D335BEF2848}"
EndProject
Project("{FAE04EC0-301F-11D3-BF4B-00C04F79EFBC}") = "Celestials.Application", "src\Celestials.Application\Celestials.Application.csproj", "{49F2CDCA-F1A3-4EF4-ABE8-0CC4767EE7CF}"
EndProject
Global
	GlobalSection(SolutionConfigurationPlatforms) = preSolution
		Debug|Any CPU = Debug|Any CPU
		Debug|x64 = Debug|x64
		Debug|x86 = Debug|x86
		Release|Any CPU = Release|Any CPU
		Release|x64 = Release|x64
		Release|x86 = Release|x86
	EndGlobalSection
	GlobalSection(ProjectConfigurationPlatforms) = postSolution
		{A56A218A-F58E-8F51-25E5-DDBCA72235B2}.Debug|Any CPU.ActiveCfg = Debug|Any CPU
		{A56A218A-F58E-8F51-25E5-DDBCA72235B2}.Debug|Any CPU.Build.0 = Debug|Any CPU
		{A56A218A-F58E-8F51-25E5-DDBCA72235B2}.Debug|x64.ActiveCfg = Debug|Any CPU
		{A56A218A-F58E-8F51-25E5-DDBCA72235B2}.Debug|x64.Build.0 = Debug|Any CPU
		{A56A218A-F58E-8F51-25E5-DDBCA72235B2}.Debug|x86.ActiveCfg = Debug|Any CPU
		{A56A218A-F58E-8F51-25E5-DDBCA72235B2}.Debug|x86.Build.0 = Debug|Any CPU
		{A56A218A-F58E-8F51-25E5-DDBCA72235B2}.Release|Any CPU.ActiveCfg = Release|Any CPU
		{A56A218A-F58E-8F51-25E5-DDBCA72235B2}.Release|Any CPU.Build.0 = Release|Any CPU
		{A56A218A-F58E-8F51-25E5-DDBCA72235B2}.Release|x64.ActiveCfg = Release|Any CPU
		{A56A218A-F58E-8F51-25E5-DDBCA72235B2}.Release|x64.Build.0 = Release|Any CPU
		{A56A218A-F58E-8F51-25E5-DDBCA72235B2}.Release|x86.ActiveCfg = Release|Any CPU
		{A56A218A-F58E-8F51-25E5-DDBCA72235B2}.Release|x86.Build.0 = Release|Any CPU
		{869FBD0B-68E2-499B-A7BC-3D335BEF2848}.Debug|Any CPU.ActiveCfg = Debug|Any CPU
		{869FBD0B-68E2-499B-A7BC-3D335BEF2848}.Debug|Any CPU.Build.0 = Debug|Any CPU
		{869FBD0B-68E2-499B-A7BC-3D335BEF2848}.Debug|x64.ActiveCfg = Debug|Any CPU
		{869FBD0B-68E2-499B-A7BC-3D335BEF2848}.Debug|x64.Build.0 = Debug|Any CPU
		{869FBD0B-68E2-499B-A7BC-3D335BEF2848}.Debug|x86.ActiveCfg = Debug|Any CPU
		{869FBD0B-68E2-499B-A7BC-3D335BEF2848}.Debug|x86.Build.0 = Debug|Any CPU
		{869FBD0B-68E2-499B-A7BC-3D335BEF2848}.Release|Any CPU.ActiveCfg = Release|Any CPU
		{869FBD0B-68E2-499B-A7BC-3D335BEF2848}.Release|Any CPU.Build.0 = Release|Any CPU
		{869FBD0B-68E2-499B-A7BC-3D335BEF2848}.Release|x64.ActiveCfg = Release|Any CPU
		{869FBD0B-68E2-499B-A7BC-3D335BEF2848}.Release|x64.Build.0 = Release|Any CPU
		{869FBD0B-68E2-499B-A7BC-3D335BEF2848}.Release|x86.ActiveCfg = Release|Any CPU
		{869FBD0B-68E2-499B-A7BC-3D335BEF2848}.Release|x86.Build.0 = Release|Any CPU
		{49F2CDCA-F1A3-4EF4-ABE8-0CC4767EE7CF}.Debug|Any CPU.ActiveCfg = Debug|Any CPU
		{49F2CDCA-F1A3-4EF4-ABE8-0CC4767EE7CF}.Debug|Any CPU.Build.0 = Debug|Any CPU
		{49F2CDCA-F1A3-4EF4-ABE8-0CC4767EE7CF}.Debug|x64.ActiveCfg = Debug|Any CPU
		{49F2CDCA-F1A3-4EF4-ABE8-0CC4767EE7CF}.Debug|x64.Build.0 = Debug|Any CPU
		{49F2CDCA-F1A3-4EF4-ABE8-0CC4767EE7CF}.Debug|x86.ActiveCfg = Debug|Any CPU
		{49F2CDCA-F1A3-4EF4-ABE8-0CC4767EE7CF}.Debug|x86.Build.0 = Debug|Any CPU
		{49F2CDCA-F1A3-4EF4-ABE8-0CC4767EE7CF}.Release|Any CPU.ActiveCfg = Release|Any CPU
		{49F2CDCA-F1A3-4EF4-ABE8-0CC4767EE7CF}.Release|Any CPU.Build.0 = Release|Any CPU
		{49F2CDCA-F1A3-4EF4-ABE8-0CC4767EE7CF}.Release|x64.ActiveCfg = Release|Any CPU
		{49F2CDCA-F1A3-4EF4-ABE8-0CC4767EE7CF}.Release|x64.Build.0 = Release|Any CPU
		{49F2CDCA-F1A3-4EF4-ABE8-0CC4767EE7CF}.Release|x86.ActiveCfg = Release|Any CPU
		{49F2CDCA-F1A3-4EF4-ABE8-0CC4767EE7CF}.Release|x86.Build.0 = Release|Any CPU
	EndGlobalSection
	GlobalSection(SolutionProperties) = preSolution
		HideSolutionNode = FALSE
	EndGlobalSection
	GlobalSection(NestedProjects) = preSolution
		{A56A218A-F58E-8F51-25E5-DDBCA72235B2} = {827E0CD3-B72D-47B6-A68D-7590B98EB39B}
		{869FBD0B-68E2-499B-A7BC-3D335BEF2848} = {827E0CD3-B72D-47B6-A68D-7590B98EB39B}
		{49F2CDCA-F1A3-4EF4-ABE8-0CC4767EE7CF} = {827E0CD3-B72D-47B6-A68D-7590B98EB39B}
	EndGlobalSection
	GlobalSection(ExtensibilityGlobals) = postSolution
		SolutionGuid = {2C0F5B8A-D38F-4E54-BB64-A53068708B58}
	EndGlobalSection
EndGlobal
